Microsoft Visual Studio Solution File, Format Version 12.00
# Visual Studio Version 17
VisualStudioVersion = 17.0.31903.59
MinimumVisualStudioVersion = 10.0.40219.1
Project("{FAE04EC0-301F-11D3-BF4B-00C04F79EFBC}") = "DeltaCompressionDotNet", "DeltaCompressionDotNet/DeltaCompressionDotNet.csproj", "{B100000000-0000-0000-0000-000000000000}"
EndProject
Project("{FAE04EC0-301F-11D3-BF4B-00C04F79EFBC}") = "DeltaCompressionDotNet.MsDelta", "DeltaCompressionDotNet.MsDelta/DeltaCompressionDotNet.MsDelta.csproj", "{B100000001-0000-0000-0000-000000000001}"
EndProject
Project("{FAE04EC0-301F-11D3-BF4B-00C04F79EFBC}") = "DeltaCompressionDotNet.PatchApi", "DeltaCompressionDotNet.PatchApi/DeltaCompressionDotNet.PatchApi.csproj", "{B100000002-0000-0000-0000-000000000002}"
EndProject
Project("{FAE04EC0-301F-11D3-BF4B-00C04F79EFBC}") = "Device.Net", "Device.Net/Device.Net.csproj", "{B100000003-0000-0000-0000-000000000003}"
EndProject
Project("{FAE04EC0-301F-11D3-BF4B-00C04F79EFBC}") = "DistributedLock.Core", "DistributedLock.Core/DistributedLock.Core.csproj", "{B100000004-0000-0000-0000-000000000004}"
EndProject
Project("{FAE04EC0-301F-11D3-BF4B-00C04F79EFBC}") = "DualSenseX", "DualSenseX/DualSenseX.csproj", "{B100000005-0000-0000-0000-000000000005}"
EndProject
Project("{FAE04EC0-301F-11D3-BF4B-00C04F79EFBC}") = "Hardcodet.NotifyIcon.Wpf", "Hardcodet.NotifyIcon.Wpf/Hardcodet.NotifyIcon.Wpf.csproj", "{B100000006-0000-0000-0000-000000000006}"
EndProject
Project("{FAE04EC0-301F-11D3-BF4B-00C04F79EFBC}") = "Hid.Net", "Hid.Net/Hid.Net.csproj", "{B100000007-0000-0000-0000-000000000007}"
EndProject
Project("{FAE04EC0-301F-11D3-BF4B-00C04F79EFBC}") = "HidSharp", "HidSharp/HidSharp.csproj", "{B100000008-0000-0000-0000-000000000008}"
EndProject
Project("{FAE04EC0-301F-11D3-BF4B-00C04F79EFBC}") = "Microsoft.AppCenter", "Microsoft.AppCenter/Microsoft.AppCenter.csproj", "{B100000009-0000-0000-0000-000000000009}"
EndProject
Project("{FAE04EC0-301F-11D3-BF4B-00C04F79EFBC}") = "Microsoft.AppCenter.Analytics", "Microsoft.AppCenter.Analytics/Microsoft.AppCenter.Analytics.csproj", "{B10000000A-0000-0000-0000-00000000000A}"
EndProject
Project("{FAE04EC0-301F-11D3-BF4B-00C04F79EFBC}") = "Microsoft.AppCenter.Crashes", "Microsoft.AppCenter.Crashes/Microsoft.AppCenter.Crashes.csproj", "{B10000000B-0000-0000-0000-00000000000B}"
EndProject
Project("{FAE04EC0-301F-11D3-BF4B-00C04F79EFBC}") = "Microsoft.Bcl.AsyncInterfaces", "Microsoft.Bcl.AsyncInterfaces/Microsoft.Bcl.AsyncInterfaces.csproj", "{B10000000C-0000-0000-0000-00000000000C}"
EndProject
Project("{FAE04EC0-301F-11D3-BF4B-00C04F79EFBC}") = "Microsoft.Win32.Registry", "Microsoft.Win32.Registry/Microsoft.Win32.Registry.csproj", "{B10000000D-0000-0000-0000-00000000000D}"
EndProject
Project("{FAE04EC0-301F-11D3-BF4B-00C04F79EFBC}") = "ModernWpf", "ModernWpf/ModernWpf.csproj", "{B10000000E-0000-0000-0000-00000000000E}"
EndProject
Project("{FAE04EC0-301F-11D3-BF4B-00C04F79EFBC}") = "ModernWpf.Controls", "ModernWpf.Controls/ModernWpf.Controls.csproj", "{B10000000F-0000-0000-0000-00000000000F}"
EndProject
Project("{FAE04EC0-301F-11D3-BF4B-00C04F79EFBC}") = "Mono.Cecil", "Mono.Cecil/Mono.Cecil.csproj", "{B100000010-0000-0000-0000-000000000010}"
EndProject
Project("{FAE04EC0-301F-11D3-BF4B-00C04F79EFBC}") = "Mono.Cecil.Mdb", "Mono.Cecil.Mdb/Mono.Cecil.Mdb.csproj", "{B100000011-0000-0000-0000-000000000011}"
EndProject
Project("{FAE04EC0-301F-11D3-BF4B-00C04F79EFBC}") = "Mono.Cecil.Pdb", "Mono.Cecil.Pdb/Mono.Cecil.Pdb.csproj", "{B100000012-0000-0000-0000-000000000012}"
EndProject
Project("{FAE04EC0-301F-11D3-BF4B-00C04F79EFBC}") = "Mono.Cecil.Rocks", "Mono.Cecil.Rocks/Mono.Cecil.Rocks.csproj", "{B100000013-0000-0000-0000-000000000013}"
EndProject
Project("{FAE04EC0-301F-11D3-BF4B-00C04F79EFBC}") = "NAudio", "NAudio/NAudio.csproj", "{B100000014-0000-0000-0000-000000000014}"
EndProject
Project("{FAE04EC0-301F-11D3-BF4B-00C04F79EFBC}") = "NAudio.Asio", "NAudio.Asio/NAudio.Asio.csproj", "{B100000015-0000-0000-0000-000000000015}"
EndProject
Project("{FAE04EC0-301F-11D3-BF4B-00C04F79EFBC}") = "NAudio.Core", "NAudio.Core/NAudio.Core.csproj", "{B100000016-0000-0000-0000-000000000016}"
EndProject
Project("{FAE04EC0-301F-11D3-BF4B-00C04F79EFBC}") = "NAudio.Midi", "NAudio.Midi/NAudio.Midi.csproj", "{B100000017-0000-0000-0000-000000000017}"
EndProject
Project("{FAE04EC0-301F-11D3-BF4B-00C04F79EFBC}") = "NAudio.Wasapi", "NAudio.Wasapi/NAudio.Wasapi.csproj", "{B100000018-0000-0000-0000-000000000018}"
EndProject
Project("{FAE04EC0-301F-11D3-BF4B-00C04F79EFBC}") = "NAudio.WinForms", "NAudio.WinForms/NAudio.WinForms.csproj", "{B100000019-0000-0000-0000-000000000019}"
EndProject
Project("{FAE04EC0-301F-11D3-BF4B-00C04F79EFBC}") = "NAudio.WinMM", "NAudio.WinMM/NAudio.WinMM.csproj", "{B10000001A-0000-0000-0000-00000000001A}"
EndProject
Project("{FAE04EC0-301F-11D3-BF4B-00C04F79EFBC}") = "NamedPipeWrapper", "NamedPipeWrapper/NamedPipeWrapper.csproj", "{B10000001B-0000-0000-0000-00000000001B}"
EndProject
Project("{FAE04EC0-301F-11D3-BF4B-00C04F79EFBC}") = "Nefarius.ViGEm.Client", "Nefarius.ViGEm.Client/Nefarius.ViGEm.Client.csproj", "{B10000001C-0000-0000-0000-00000000001C}"
EndProject
Project("{FAE04EC0-301F-11D3-BF4B-00C04F79EFBC}") = "Newtonsoft.Json", "Newtonsoft.Json/Newtonsoft.Json.csproj", "{B10000001D-0000-0000-0000-00000000001D}"
EndProject
Project("{FAE04EC0-301F-11D3-BF4B-00C04F79EFBC}") = "NuGet.Squirrel", "NuGet.Squirrel/NuGet.Squirrel.csproj", "{B10000001E-0000-0000-0000-00000000001E}"
EndProject
Project("{FAE04EC0-301F-11D3-BF4B-00C04F79EFBC}") = "Polly", "Polly/Polly.csproj", "{B10000001F-0000-0000-0000-00000000001F}"
EndProject
Project("{FAE04EC0-301F-11D3-BF4B-00C04F79EFBC}") = "SQLitePCLRaw.batteries_v2", "SQLitePCLRaw.batteries_v2/SQLitePCLRaw.batteries_v2.csproj", "{B100000020-0000-0000-0000-000000000020}"
EndProject
Project("{FAE04EC0-301F-11D3-BF4B-00C04F79EFBC}") = "SQLitePCLRaw.core", "SQLitePCLRaw.core/SQLitePCLRaw.core.csproj", "{B100000021-0000-0000-0000-000000000021}"
EndProject
Project("{FAE04EC0-301F-11D3-BF4B-00C04F79EFBC}") = "SQLitePCLRaw.nativelibrary", "SQLitePCLRaw.nativelibrary/SQLitePCLRaw.nativelibrary.csproj", "{B100000022-0000-0000-0000-000000000022}"
EndProject
Project("{FAE04EC0-301F-11D3-BF4B-00C04F79EFBC}") = "SQLitePCLRaw.provider.dynamic_cdecl", "SQLitePCLRaw.provider.dynamic_cdecl/SQLitePCLRaw.provider.dynamic_cdecl.csproj", "{B100000023-0000-0000-0000-000000000023}"
EndProject
Project("{FAE04EC0-301F-11D3-BF4B-00C04F79EFBC}") = "SharpCompress", "SharpCompress/SharpCompress.csproj", "{B100000024-0000-0000-0000-000000000024}"
EndProject
Project("{FAE04EC0-301F-11D3-BF4B-00C04F79EFBC}") = "Squirrel", "Squirrel/Squirrel.csproj", "{B100000025-0000-0000-0000-000000000025}"
EndProject
Project("{FAE04EC0-301F-11D3-BF4B-00C04F79EFBC}") = "System.Buffers", "System.Buffers/System.Buffers.csproj", "{B100000026-0000-0000-0000-000000000026}"
EndProject
Project("{FAE04EC0-301F-11D3-BF4B-00C04F79EFBC}") = "System.Memory", "System.Memory/System.Memory.csproj", "{B100000027-0000-0000-0000-000000000027}"
EndProject
Project("{FAE04EC0-301F-11D3-BF4B-00C04F79EFBC}") = "System.Numerics.Vectors", "System.Numerics.Vectors/System.Numerics.Vectors.csproj", "{B100000028-0000-0000-0000-000000000028}"
EndProject
Project("{FAE04EC0-301F-11D3-BF4B-00C04F79EFBC}") = "System.Runtime.CompilerServices.Unsafe", "System.Runtime.CompilerServices.Unsafe/System.Runtime.CompilerServices.Unsafe.csproj", "{B100000029-0000-0000-0000-000000000029}"
EndProject
Project("{FAE04EC0-301F-11D3-BF4B-00C04F79EFBC}") = "System.Security.AccessControl", "System.Security.AccessControl/System.Security.AccessControl.csproj", "{B10000002A-0000-0000-0000-00000000002A}"
EndProject
Project("{FAE04EC0-301F-11D3-BF4B-00C04F79EFBC}") = "System.Security.Principal.Windows", "System.Security.Principal.Windows/System.Security.Principal.Windows.csproj", "{B10000002B-0000-0000-0000-00000000002B}"
EndProject
Project("{FAE04EC0-301F-11D3-BF4B-00C04F79EFBC}") = "System.Threading.Tasks.Extensions", "System.Threading.Tasks.Extensions/System.Threading.Tasks.Extensions.csproj", "{B10000002C-0000-0000-0000-00000000002C}"
EndProject
Project("{FAE04EC0-301F-11D3-BF4B-00C04F79EFBC}") = "System.ValueTuple", "System.ValueTuple/System.ValueTuple.csproj", "{B10000002D-0000-0000-0000-00000000002D}"
EndProject
Project("{FAE04EC0-301F-11D3-BF4B-00C04F79EFBC}") = "Update", "Update/Update.csproj", "{B10000002E-0000-0000-0000-00000000002E}"
EndProject
Project("{FAE04EC0-301F-11D3-BF4B-00C04F79EFBC}") = "Usb.Net", "Usb.Net/Usb.Net.csproj", "{B10000002F-0000-0000-0000-00000000002F}"
EndProject
Project("{FAE04EC0-301F-11D3-BF4B-00C04F79EFBC}") = "WindowsInput", "WindowsInput/WindowsInput.csproj", "{B100000030-0000-0000-0000-000000000030}"
EndProject
Global
	GlobalSection(SolutionConfigurationPlatforms) = preSolution
		Debug|Any CPU = Debug|Any CPU
		Release|Any CPU = Release|Any CPU
	EndGlobalSection
	GlobalSection(ProjectConfigurationPlatforms) = postSolution
		{B100000000-0000-0000-0000-000000000000}.Debug|Any CPU.ActiveCfg = Debug|Any CPU
		{B100000000-0000-0000-0000-000000000000}.Debug|Any CPU.Build.0 = Debug|Any CPU
		{B100000000-0000-0000-0000-000000000000}.Release|Any CPU.ActiveCfg = Release|Any CPU
		{B100000000-0000-0000-0000-000000000000}.Release|Any CPU.Build.0 = Release|Any CPU
		{B100000001-0000-0000-0000-000000000001}.Debug|Any CPU.ActiveCfg = Debug|Any CPU
		{B100000001-0000-0000-0000-000000000001}.Debug|Any CPU.Build.0 = Debug|Any CPU
		{B100000001-0000-0000-0000-000000000001}.Release|Any CPU.ActiveCfg = Release|Any CPU
		{B100000001-0000-0000-0000-000000000001}.Release|Any CPU.Build.0 = Release|Any CPU
		{B100000002-0000-0000-0000-000000000002}.Debug|Any CPU.ActiveCfg = Debug|Any CPU
		{B100000002-0000-0000-0000-000000000002}.Debug|Any CPU.Build.0 = Debug|Any CPU
		{B100000002-0000-0000-0000-000000000002}.Release|Any CPU.ActiveCfg = Release|Any CPU
		{B100000002-0000-0000-0000-000000000002}.Release|Any CPU.Build.0 = Release|Any CPU
		{B100000003-0000-0000-0000-000000000003}.Debug|Any CPU.ActiveCfg = Debug|Any CPU
		{B100000003-0000-0000-0000-000000000003}.Debug|Any CPU.Build.0 = Debug|Any CPU
		{B100000003-0000-0000-0000-000000000003}.Release|Any CPU.ActiveCfg = Release|Any CPU
		{B100000003-0000-0000-0000-000000000003}.Release|Any CPU.Build.0 = Release|Any CPU
		{B100000004-0000-0000-0000-000000000004}.Debug|Any CPU.ActiveCfg = Debug|Any CPU
		{B100000004-0000-0000-0000-000000000004}.Debug|Any CPU.Build.0 = Debug|Any CPU
		{B100000004-0000-0000-0000-000000000004}.Release|Any CPU.ActiveCfg = Release|Any CPU
		{B100000004-0000-0000-0000-000000000004}.Release|Any CPU.Build.0 = Release|Any CPU
		{B100000005-0000-0000-0000-000000000005}.Debug|Any CPU.ActiveCfg = Debug|Any CPU
		{B100000005-0000-0000-0000-000000000005}.Debug|Any CPU.Build.0 = Debug|Any CPU
		{B100000005-0000-0000-0000-000000000005}.Release|Any CPU.ActiveCfg = Release|Any CPU
		{B100000005-0000-0000-0000-000000000005}.Release|Any CPU.Build.0 = Release|Any CPU
		{B100000006-0000-0000-0000-000000000006}.Debug|Any CPU.ActiveCfg = Debug|Any CPU
		{B100000006-0000-0000-0000-000000000006}.Debug|Any CPU.Build.0 = Debug|Any CPU
		{B100000006-0000-0000-0000-000000000006}.Release|Any CPU.ActiveCfg = Release|Any CPU
		{B100000006-0000-0000-0000-000000000006}.Release|Any CPU.Build.0 = Release|Any CPU
		{B100000007-0000-0000-0000-000000000007}.Debug|Any CPU.ActiveCfg = Debug|Any CPU
		{B100000007-0000-0000-0000-000000000007}.Debug|Any CPU.Build.0 = Debug|Any CPU
		{B100000007-0000-0000-0000-000000000007}.Release|Any CPU.ActiveCfg = Release|Any CPU
		{B100000007-0000-0000-0000-000000000007}.Release|Any CPU.Build.0 = Release|Any CPU
		{B100000008-0000-0000-0000-000000000008}.Debug|Any CPU.ActiveCfg = Debug|Any CPU
		{B100000008-0000-0000-0000-000000000008}.Debug|Any CPU.Build.0 = Debug|Any CPU
		{B100000008-0000-0000-0000-000000000008}.Release|Any CPU.ActiveCfg = Release|Any CPU
		{B100000008-0000-0000-0000-000000000008}.Release|Any CPU.Build.0 = Release|Any CPU
		{B100000009-0000-0000-0000-000000000009}.Debug|Any CPU.ActiveCfg = Debug|Any CPU
		{B100000009-0000-0000-0000-000000000009}.Debug|Any CPU.Build.0 = Debug|Any CPU
		{B100000009-0000-0000-0000-000000000009}.Release|Any CPU.ActiveCfg = Release|Any CPU
		{B100000009-0000-0000-0000-000000000009}.Release|Any CPU.Build.0 = Release|Any CPU
		{B10000000A-0000-0000-0000-00000000000A}.Debug|Any CPU.ActiveCfg = Debug|Any CPU
		{B10000000A-0000-0000-0000-00000000000A}.Debug|Any CPU.Build.0 = Debug|Any CPU
		{B10000000A-0000-0000-0000-00000000000A}.Release|Any CPU.ActiveCfg = Release|Any CPU
		{B10000000A-0000-0000-0000-00000000000A}.Release|Any CPU.Build.0 = Release|Any CPU
		{B10000000B-0000-0000-0000-00000000000B}.Debug|Any CPU.ActiveCfg = Debug|Any CPU
		{B10000000B-0000-0000-0000-00000000000B}.Debug|Any CPU.Build.0 = Debug|Any CPU
		{B10000000B-0000-0000-0000-00000000000B}.Release|Any CPU.ActiveCfg = Release|Any CPU
		{B10000000B-0000-0000-0000-00000000000B}.Release|Any CPU.Build.0 = Release|Any CPU
		{B10000000C-0000-0000-0000-00000000000C}.Debug|Any CPU.ActiveCfg = Debug|Any CPU
		{B10000000C-0000-0000-0000-00000000000C}.Debug|Any CPU.Build.0 = Debug|Any CPU
		{B10000000C-0000-0000-0000-00000000000C}.Release|Any CPU.ActiveCfg = Release|Any CPU
		{B10000000C-0000-0000-0000-00000000000C}.Release|Any CPU.Build.0 = Release|Any CPU
		{B10000000D-0000-0000-0000-00000000000D}.Debug|Any CPU.ActiveCfg = Debug|Any CPU
		{B10000000D-0000-0000-0000-00000000000D}.Debug|Any CPU.Build.0 = Debug|Any CPU
		{B10000000D-0000-0000-0000-00000000000D}.Release|Any CPU.ActiveCfg = Release|Any CPU
		{B10000000D-0000-0000-0000-00000000000D}.Release|Any CPU.Build.0 = Release|Any CPU
		{B10000000E-0000-0000-0000-00000000000E}.Debug|Any CPU.ActiveCfg = Debug|Any CPU
		{B10000000E-0000-0000-0000-00000000000E}.Debug|Any CPU.Build.0 = Debug|Any CPU
		{B10000000E-0000-0000-0000-00000000000E}.Release|Any CPU.ActiveCfg = Release|Any CPU
		{B10000000E-0000-0000-0000-00000000000E}.Release|Any CPU.Build.0 = Release|Any CPU
		{B10000000F-0000-0000-0000-00000000000F}.Debug|Any CPU.ActiveCfg = Debug|Any CPU
		{B10000000F-0000-0000-0000-00000000000F}.Debug|Any CPU.Build.0 = Debug|Any CPU
		{B10000000F-0000-0000-0000-00000000000F}.Release|Any CPU.ActiveCfg = Release|Any CPU
		{B10000000F-0000-0000-0000-00000000000F}.Release|Any CPU.Build.0 = Release|Any CPU
		{B100000010-0000-0000-0000-000000000010}.Debug|Any CPU.ActiveCfg = Debug|Any CPU
		{B100000010-0000-0000-0000-000000000010}.Debug|Any CPU.Build.0 = Debug|Any CPU
		{B100000010-0000-0000-0000-000000000010}.Release|Any CPU.ActiveCfg = Release|Any CPU
		{B100000010-0000-0000-0000-000000000010}.Release|Any CPU.Build.0 = Release|Any CPU
		{B100000011-0000-0000-0000-000000000011}.Debug|Any CPU.ActiveCfg = Debug|Any CPU
		{B100000011-0000-0000-0000-000000000011}.Debug|Any CPU.Build.0 = Debug|Any CPU
		{B100000011-0000-0000-0000-000000000011}.Release|Any CPU.ActiveCfg = Release|Any CPU
		{B100000011-0000-0000-0000-000000000011}.Release|Any CPU.Build.0 = Release|Any CPU
		{B100000012-0000-0000-0000-000000000012}.Debug|Any CPU.ActiveCfg = Debug|Any CPU
		{B100000012-0000-0000-0000-000000000012}.Debug|Any CPU.Build.0 = Debug|Any CPU
		{B100000012-0000-0000-0000-000000000012}.Release|Any CPU.ActiveCfg = Release|Any CPU
		{B100000012-0000-0000-0000-000000000012}.Release|Any CPU.Build.0 = Release|Any CPU
		{B100000013-0000-0000-0000-000000000013}.Debug|Any CPU.ActiveCfg = Debug|Any CPU
		{B100000013-0000-0000-0000-000000000013}.Debug|Any CPU.Build.0 = Debug|Any CPU
		{B100000013-0000-0000-0000-000000000013}.Release|Any CPU.ActiveCfg = Release|Any CPU
		{B100000013-0000-0000-0000-000000000013}.Release|Any CPU.Build.0 = Release|Any CPU
		{B100000014-0000-0000-0000-000000000014}.Debug|Any CPU.ActiveCfg = Debug|Any CPU
		{B100000014-0000-0000-0000-000000000014}.Debug|Any CPU.Build.0 = Debug|Any CPU
		{B100000014-0000-0000-0000-000000000014}.Release|Any CPU.ActiveCfg = Release|Any CPU
		{B100000014-0000-0000-0000-000000000014}.Release|Any CPU.Build.0 = Release|Any CPU
		{B100000015-0000-0000-0000-000000000015}.Debug|Any CPU.ActiveCfg = Debug|Any CPU
		{B100000015-0000-0000-0000-000000000015}.Debug|Any CPU.Build.0 = Debug|Any CPU
		{B100000015-0000-0000-0000-000000000015}.Release|Any CPU.ActiveCfg = Release|Any CPU
		{B100000015-0000-0000-0000-000000000015}.Release|Any CPU.Build.0 = Release|Any CPU
		{B100000016-0000-0000-0000-000000000016}.Debug|Any CPU.ActiveCfg = Debug|Any CPU
		{B100000016-0000-0000-0000-000000000016}.Debug|Any CPU.Build.0 = Debug|Any CPU
		{B100000016-0000-0000-0000-000000000016}.Release|Any CPU.ActiveCfg = Release|Any CPU
		{B100000016-0000-0000-0000-000000000016}.Release|Any CPU.Build.0 = Release|Any CPU
		{B100000017-0000-0000-0000-000000000017}.Debug|Any CPU.ActiveCfg = Debug|Any CPU
		{B100000017-0000-0000-0000-000000000017}.Debug|Any CPU.Build.0 = Debug|Any CPU
		{B100000017-0000-0000-0000-000000000017}.Release|Any CPU.ActiveCfg = Release|Any CPU
		{B100000017-0000-0000-0000-000000000017}.Release|Any CPU.Build.0 = Release|Any CPU
		{B100000018-0000-0000-0000-000000000018}.Debug|Any CPU.ActiveCfg = Debug|Any CPU
		{B100000018-0000-0000-0000-000000000018}.Debug|Any CPU.Build.0 = Debug|Any CPU
		{B100000018-0000-0000-0000-000000000018}.Release|Any CPU.ActiveCfg = Release|Any CPU
		{B100000018-0000-0000-0000-000000000018}.Release|Any CPU.Build.0 = Release|Any CPU
		{B100000019-0000-0000-0000-000000000019}.Debug|Any CPU.ActiveCfg = Debug|Any CPU
		{B100000019-0000-0000-0000-000000000019}.Debug|Any CPU.Build.0 = Debug|Any CPU
		{B100000019-0000-0000-0000-000000000019}.Release|Any CPU.ActiveCfg = Release|Any CPU
		{B100000019-0000-0000-0000-000000000019}.Release|Any CPU.Build.0 = Release|Any CPU
		{B10000001A-0000-0000-0000-00000000001A}.Debug|Any CPU.ActiveCfg = Debug|Any CPU
		{B10000001A-0000-0000-0000-00000000001A}.Debug|Any CPU.Build.0 = Debug|Any CPU
		{B10000001A-0000-0000-0000-00000000001A}.Release|Any CPU.ActiveCfg = Release|Any CPU
		{B10000001A-0000-0000-0000-00000000001A}.Release|Any CPU.Build.0 = Release|Any CPU
		{B10000001B-0000-0000-0000-00000000001B}.Debug|Any CPU.ActiveCfg = Debug|Any CPU
		{B10000001B-0000-0000-0000-00000000001B}.Debug|Any CPU.Build.0 = Debug|Any CPU
		{B10000001B-0000-0000-0000-00000000001B}.Release|Any CPU.ActiveCfg = Release|Any CPU
		{B10000001B-0000-0000-0000-00000000001B}.Release|Any CPU.Build.0 = Release|Any CPU
		{B10000001C-0000-0000-0000-00000000001C}.Debug|Any CPU.ActiveCfg = Debug|Any CPU
		{B10000001C-0000-0000-0000-00000000001C}.Debug|Any CPU.Build.0 = Debug|Any CPU
		{B10000001C-0000-0000-0000-00000000001C}.Release|Any CPU.ActiveCfg = Release|Any CPU
		{B10000001C-0000-0000-0000-00000000001C}.Release|Any CPU.Build.0 = Release|Any CPU
		{B10000001D-0000-0000-0000-00000000001D}.Debug|Any CPU.ActiveCfg = Debug|Any CPU
		{B10000001D-0000-0000-0000-00000000001D}.Debug|Any CPU.Build.0 = Debug|Any CPU
		{B10000001D-0000-0000-0000-00000000001D}.Release|Any CPU.ActiveCfg = Release|Any CPU
		{B10000001D-0000-0000-0000-00000000001D}.Release|Any CPU.Build.0 = Release|Any CPU
		{B10000001E-0000-0000-0000-00000000001E}.Debug|Any CPU.ActiveCfg = Debug|Any CPU
		{B10000001E-0000-0000-0000-00000000001E}.Debug|Any CPU.Build.0 = Debug|Any CPU
		{B10000001E-0000-0000-0000-00000000001E}.Release|Any CPU.ActiveCfg = Release|Any CPU
		{B10000001E-0000-0000-0000-00000000001E}.Release|Any CPU.Build.0 = Release|Any CPU
		{B10000001F-0000-0000-0000-00000000001F}.Debug|Any CPU.ActiveCfg = Debug|Any CPU
		{B10000001F-0000-0000-0000-00000000001F}.Debug|Any CPU.Build.0 = Debug|Any CPU
		{B10000001F-0000-0000-0000-00000000001F}.Release|Any CPU.ActiveCfg = Release|Any CPU
		{B10000001F-0000-0000-0000-00000000001F}.Release|Any CPU.Build.0 = Release|Any CPU
		{B100000020-0000-0000-0000-000000000020}.Debug|Any CPU.ActiveCfg = Debug|Any CPU
		{B100000020-0000-0000-0000-000000000020}.Debug|Any CPU.Build.0 = Debug|Any CPU
		{B100000020-0000-0000-0000-000000000020}.Release|Any CPU.ActiveCfg = Release|Any CPU
		{B100000020-0000-0000-0000-000000000020}.Release|Any CPU.Build.0 = Release|Any CPU
		{B100000021-0000-0000-0000-000000000021}.Debug|Any CPU.ActiveCfg = Debug|Any CPU
		{B100000021-0000-0000-0000-000000000021}.Debug|Any CPU.Build.0 = Debug|Any CPU
		{B100000021-0000-0000-0000-000000000021}.Release|Any CPU.ActiveCfg = Release|Any CPU
		{B100000021-0000-0000-0000-000000000021}.Release|Any CPU.Build.0 = Release|Any CPU
		{B100000022-0000-0000-0000-000000000022}.Debug|Any CPU.ActiveCfg = Debug|Any CPU
		{B100000022-0000-0000-0000-000000000022}.Debug|Any CPU.Build.0 = Debug|Any CPU
		{B100000022-0000-0000-0000-000000000022}.Release|Any CPU.ActiveCfg = Release|Any CPU
		{B100000022-0000-0000-0000-000000000022}.Release|Any CPU.Build.0 = Release|Any CPU
		{B100000023-0000-0000-0000-000000000023}.Debug|Any CPU.ActiveCfg = Debug|Any CPU
		{B100000023-0000-0000-0000-000000000023}.Debug|Any CPU.Build.0 = Debug|Any CPU
		{B100000023-0000-0000-0000-000000000023}.Release|Any CPU.ActiveCfg = Release|Any CPU
		{B100000023-0000-0000-0000-000000000023}.Release|Any CPU.Build.0 = Release|Any CPU
		{B100000024-0000-0000-0000-000000000024}.Debug|Any CPU.ActiveCfg = Debug|Any CPU
		{B100000024-0000-0000-0000-000000000024}.Debug|Any CPU.Build.0 = Debug|Any CPU
		{B100000024-0000-0000-0000-000000000024}.Release|Any CPU.ActiveCfg = Release|Any CPU
		{B100000024-0000-0000-0000-000000000024}.Release|Any CPU.Build.0 = Release|Any CPU
		{B100000025-0000-0000-0000-000000000025}.Debug|Any CPU.ActiveCfg = Debug|Any CPU
		{B100000025-0000-0000-0000-000000000025}.Debug|Any CPU.Build.0 = Debug|Any CPU
		{B100000025-0000-0000-0000-000000000025}.Release|Any CPU.ActiveCfg = Release|Any CPU
		{B100000025-0000-0000-0000-000000000025}.Release|Any CPU.Build.0 = Release|Any CPU
		{B100000026-0000-0000-0000-000000000026}.Debug|Any CPU.ActiveCfg = Debug|Any CPU
		{B100000026-0000-0000-0000-000000000026}.Debug|Any CPU.Build.0 = Debug|Any CPU
		{B100000026-0000-0000-0000-000000000026}.Release|Any CPU.ActiveCfg = Release|Any CPU
		{B100000026-0000-0000-0000-000000000026}.Release|Any CPU.Build.0 = Release|Any CPU
		{B100000027-0000-0000-0000-000000000027}.Debug|Any CPU.ActiveCfg = Debug|Any CPU
		{B100000027-0000-0000-0000-000000000027}.Debug|Any CPU.Build.0 = Debug|Any CPU
		{B100000027-0000-0000-0000-000000000027}.Release|Any CPU.ActiveCfg = Release|Any CPU
		{B100000027-0000-0000-0000-000000000027}.Release|Any CPU.Build.0 = Release|Any CPU
		{B100000028-0000-0000-0000-000000000028}.Debug|Any CPU.ActiveCfg = Debug|Any CPU
		{B100000028-0000-0000-0000-000000000028}.Debug|Any CPU.Build.0 = Debug|Any CPU
		{B100000028-0000-0000-0000-000000000028}.Release|Any CPU.ActiveCfg = Release|Any CPU
		{B100000028-0000-0000-0000-000000000028}.Release|Any CPU.Build.0 = Release|Any CPU
		{B100000029-0000-0000-0000-000000000029}.Debug|Any CPU.ActiveCfg = Debug|Any CPU
		{B100000029-0000-0000-0000-000000000029}.Debug|Any CPU.Build.0 = Debug|Any CPU
		{B100000029-0000-0000-0000-000000000029}.Release|Any CPU.ActiveCfg = Release|Any CPU
		{B100000029-0000-0000-0000-000000000029}.Release|Any CPU.Build.0 = Release|Any CPU
		{B10000002A-0000-0000-0000-00000000002A}.Debug|Any CPU.ActiveCfg = Debug|Any CPU
		{B10000002A-0000-0000-0000-00000000002A}.Debug|Any CPU.Build.0 = Debug|Any CPU
		{B10000002A-0000-0000-0000-00000000002A}.Release|Any CPU.ActiveCfg = Release|Any CPU
		{B10000002A-0000-0000-0000-00000000002A}.Release|Any CPU.Build.0 = Release|Any CPU
		{B10000002B-0000-0000-0000-00000000002B}.Debug|Any CPU.ActiveCfg = Debug|Any CPU
		{B10000002B-0000-0000-0000-00000000002B}.Debug|Any CPU.Build.0 = Debug|Any CPU
		{B10000002B-0000-0000-0000-00000000002B}.Release|Any CPU.ActiveCfg = Release|Any CPU
		{B10000002B-0000-0000-0000-00000000002B}.Release|Any CPU.Build.0 = Release|Any CPU
		{B10000002C-0000-0000-0000-00000000002C}.Debug|Any CPU.ActiveCfg = Debug|Any CPU
		{B10000002C-0000-0000-0000-00000000002C}.Debug|Any CPU.Build.0 = Debug|Any CPU
		{B10000002C-0000-0000-0000-00000000002C}.Release|Any CPU.ActiveCfg = Release|Any CPU
		{B10000002C-0000-0000-0000-00000000002C}.Release|Any CPU.Build.0 = Release|Any CPU
		{B10000002D-0000-0000-0000-00000000002D}.Debug|Any CPU.ActiveCfg = Debug|Any CPU
		{B10000002D-0000-0000-0000-00000000002D}.Debug|Any CPU.Build.0 = Debug|Any CPU
		{B10000002D-0000-0000-0000-00000000002D}.Release|Any CPU.ActiveCfg = Release|Any CPU
		{B10000002D-0000-0000-0000-00000000002D}.Release|Any CPU.Build.0 = Release|Any CPU
		{B10000002E-0000-0000-0000-00000000002E}.Debug|Any CPU.ActiveCfg = Debug|Any CPU
		{B10000002E-0000-0000-0000-00000000002E}.Debug|Any CPU.Build.0 = Debug|Any CPU
		{B10000002E-0000-0000-0000-00000000002E}.Release|Any CPU.ActiveCfg = Release|Any CPU
		{B10000002E-0000-0000-0000-00000000002E}.Release|Any CPU.Build.0 = Release|Any CPU
		{B10000002F-0000-0000-0000-00000000002F}.Debug|Any CPU.ActiveCfg = Debug|Any CPU
		{B10000002F-0000-0000-0000-00000000002F}.Debug|Any CPU.Build.0 = Debug|Any CPU
		{B10000002F-0000-0000-0000-00000000002F}.Release|Any CPU.ActiveCfg = Release|Any CPU
		{B10000002F-0000-0000-0000-00000000002F}.Release|Any CPU.Build.0 = Release|Any CPU
		{B100000030-0000-0000-0000-000000000030}.Debug|Any CPU.ActiveCfg = Debug|Any CPU
		{B100000030-0000-0000-0000-000000000030}.Debug|Any CPU.Build.0 = Debug|Any CPU
		{B100000030-0000-0000-0000-000000000030}.Release|Any CPU.ActiveCfg = Release|Any CPU
		{B100000030-0000-0000-0000-000000000030}.Release|Any CPU.Build.0 = Release|Any CPU
	EndGlobalSection
	GlobalSection(SolutionProperties) = preSolution
		HideSolutionNode = FALSE
	EndGlobalSection
EndGlobal
