Microsoft Visual Studio Solution File, Format Version 12.00
# Visual Studio Version 17
VisualStudioVersion = 17.0.31903.59
MinimumVisualStudioVersion = 10.0.40219.1
Project("{FAE04EC0-301F-11D3-BF4B-00C04F79EFBC}") = "DualSenseX", "DualSenseX\DualSenseX.csproj", "{A1B2C3D4-E5F6-7890-ABCD-EF1234567890}"
EndProject
Project("{FAE04EC0-301F-11D3-BF4B-00C04F79EFBC}") = "ModernWpf", "ModernWpf\ModernWpf.csproj", "{B1000001-0000-0000-0000-000000000001}"
EndProject
Project("{FAE04EC0-301F-11D3-BF4B-00C04F79EFBC}") = "ModernWpf.Controls", "ModernWpf.Controls\ModernWpf.Controls.csproj", "{B1000002-0000-0000-0000-000000000002}"
EndProject
Project("{FAE04EC0-301F-11D3-BF4B-00C04F79EFBC}") = "HidSharp", "HidSharp\HidSharp.csproj", "{B1000003-0000-0000-0000-000000000003}"
EndProject
Project("{FAE04EC0-301F-11D3-BF4B-00C04F79EFBC}") = "Nefarius.ViGEm.Client", "Nefarius.ViGEm.Client\Nefarius.ViGEm.Client.csproj", "{B1000004-0000-0000-0000-000000000004}"
EndProject
Project("{FAE04EC0-301F-11D3-BF4B-00C04F79EFBC}") = "WindowsInput", "WindowsInput\WindowsInput.csproj", "{B1000005-0000-0000-0000-000000000005}"
EndProject
Project("{FAE04EC0-301F-11D3-BF4B-00C04F79EFBC}") = "NAudio", "NAudio\NAudio.csproj", "{B1000006-0000-0000-0000-000000000006}"
EndProject
Project("{FAE04EC0-301F-11D3-BF4B-00C04F79EFBC}") = "Newtonsoft.Json", "Newtonsoft.Json\Newtonsoft.Json.csproj", "{B1000007-0000-0000-0000-000000000007}"
EndProject
Project("{FAE04EC0-301F-11D3-BF4B-00C04F79EFBC}") = "Hardcodet.NotifyIcon.Wpf", "Hardcodet.NotifyIcon.Wpf\Hardcodet.NotifyIcon.Wpf.csproj", "{B1000008-0000-0000-0000-000000000008}"
EndProject
Project("{FAE04EC0-301F-11D3-BF4B-00C04F79EFBC}") = "Microsoft.AppCenter", "Microsoft.AppCenter\Microsoft.AppCenter.csproj", "{B1000009-0000-0000-0000-000000000009}"
EndProject
Project("{FAE04EC0-301F-11D3-BF4B-00C04F79EFBC}") = "Microsoft.AppCenter.Analytics", "Microsoft.AppCenter.Analytics\Microsoft.AppCenter.Analytics.csproj", "{B1000010-0000-0000-0000-000000000010}"
EndProject
Project("{FAE04EC0-301F-11D3-BF4B-00C04F79EFBC}") = "Microsoft.AppCenter.Crashes", "Microsoft.AppCenter.Crashes\Microsoft.AppCenter.Crashes.csproj", "{B1000011-0000-0000-0000-000000000011}"
EndProject
Project("{FAE04EC0-301F-11D3-BF4B-00C04F79EFBC}") = "Squirrel", "Squirrel\Squirrel.csproj", "{B1000012-0000-0000-0000-000000000012}"
EndProject
Project("{FAE04EC0-301F-11D3-BF4B-00C04F79EFBC}") = "Update", "Update\Update.csproj", "{B1000013-0000-0000-0000-000000000013}"
EndProject
Global
	GlobalSection(SolutionConfigurationPlatforms) = preSolution
		Debug|Any CPU = Debug|Any CPU
		Release|Any CPU = Release|Any CPU
	EndGlobalSection
	GlobalSection(ProjectConfigurationPlatforms) = postSolution
		{A1B2C3D4-E5F6-7890-ABCD-EF1234567890}.Debug|Any CPU.ActiveCfg = Debug|Any CPU
		{A1B2C3D4-E5F6-7890-ABCD-EF1234567890}.Debug|Any CPU.Build.0 = Debug|Any CPU
		{A1B2C3D4-E5F6-7890-ABCD-EF1234567890}.Release|Any CPU.ActiveCfg = Release|Any CPU
		{A1B2C3D4-E5F6-7890-ABCD-EF1234567890}.Release|Any CPU.Build.0 = Release|Any CPU
		{B1000001-0000-0000-0000-000000000001}.Debug|Any CPU.ActiveCfg = Debug|Any CPU
		{B1000001-0000-0000-0000-000000000001}.Debug|Any CPU.Build.0 = Debug|Any CPU
		{B1000001-0000-0000-0000-000000000001}.Release|Any CPU.ActiveCfg = Release|Any CPU
		{B1000001-0000-0000-0000-000000000001}.Release|Any CPU.Build.0 = Release|Any CPU
		{B1000002-0000-0000-0000-000000000002}.Debug|Any CPU.ActiveCfg = Debug|Any CPU
		{B1000002-0000-0000-0000-000000000002}.Debug|Any CPU.Build.0 = Debug|Any CPU
		{B1000002-0000-0000-0000-000000000002}.Release|Any CPU.ActiveCfg = Release|Any CPU
		{B1000002-0000-0000-0000-000000000002}.Release|Any CPU.Build.0 = Release|Any CPU
		{B1000003-0000-0000-0000-000000000003}.Debug|Any CPU.ActiveCfg = Debug|Any CPU
		{B1000003-0000-0000-0000-000000000003}.Debug|Any CPU.Build.0 = Debug|Any CPU
		{B1000003-0000-0000-0000-000000000003}.Release|Any CPU.ActiveCfg = Release|Any CPU
		{B1000003-0000-0000-0000-000000000003}.Release|Any CPU.Build.0 = Release|Any CPU
		{B1000004-0000-0000-0000-000000000004}.Debug|Any CPU.ActiveCfg = Debug|Any CPU
		{B1000004-0000-0000-0000-000000000004}.Debug|Any CPU.Build.0 = Debug|Any CPU
		{B1000004-0000-0000-0000-000000000004}.Release|Any CPU.ActiveCfg = Release|Any CPU
		{B1000004-0000-0000-0000-000000000004}.Release|Any CPU.Build.0 = Release|Any CPU
		{B1000005-0000-0000-0000-000000000005}.Debug|Any CPU.ActiveCfg = Debug|Any CPU
		{B1000005-0000-0000-0000-000000000005}.Debug|Any CPU.Build.0 = Debug|Any CPU
		{B1000005-0000-0000-0000-000000000005}.Release|Any CPU.ActiveCfg = Release|Any CPU
		{B1000005-0000-0000-0000-000000000005}.Release|Any CPU.Build.0 = Release|Any CPU
		{B1000006-0000-0000-0000-000000000006}.Debug|Any CPU.ActiveCfg = Debug|Any CPU
		{B1000006-0000-0000-0000-000000000006}.Debug|Any CPU.Build.0 = Debug|Any CPU
		{B1000006-0000-0000-0000-000000000006}.Release|Any CPU.ActiveCfg = Release|Any CPU
		{B1000006-0000-0000-0000-000000000006}.Release|Any CPU.Build.0 = Release|Any CPU
		{B1000007-0000-0000-0000-000000000007}.Debug|Any CPU.ActiveCfg = Debug|Any CPU
		{B1000007-0000-0000-0000-000000000007}.Debug|Any CPU.Build.0 = Debug|Any CPU
		{B1000007-0000-0000-0000-000000000007}.Release|Any CPU.ActiveCfg = Release|Any CPU
		{B1000007-0000-0000-0000-000000000007}.Release|Any CPU.Build.0 = Release|Any CPU
		{B1000008-0000-0000-0000-000000000008}.Debug|Any CPU.ActiveCfg = Debug|Any CPU
		{B1000008-0000-0000-0000-000000000008}.Debug|Any CPU.Build.0 = Debug|Any CPU
		{B1000008-0000-0000-0000-000000000008}.Release|Any CPU.ActiveCfg = Release|Any CPU
		{B1000008-0000-0000-0000-000000000008}.Release|Any CPU.Build.0 = Release|Any CPU
		{B1000009-0000-0000-0000-000000000009}.Debug|Any CPU.ActiveCfg = Debug|Any CPU
		{B1000009-0000-0000-0000-000000000009}.Debug|Any CPU.Build.0 = Debug|Any CPU
		{B1000009-0000-0000-0000-000000000009}.Release|Any CPU.ActiveCfg = Release|Any CPU
		{B1000009-0000-0000-0000-000000000009}.Release|Any CPU.Build.0 = Release|Any CPU
		{B1000010-0000-0000-0000-000000000010}.Debug|Any CPU.ActiveCfg = Debug|Any CPU
		{B1000010-0000-0000-0000-000000000010}.Debug|Any CPU.Build.0 = Debug|Any CPU
		{B1000010-0000-0000-0000-000000000010}.Release|Any CPU.ActiveCfg = Release|Any CPU
		{B1000010-0000-0000-0000-000000000010}.Release|Any CPU.Build.0 = Release|Any CPU
		{B1000011-0000-0000-0000-000000000011}.Debug|Any CPU.ActiveCfg = Debug|Any CPU
		{B1000011-0000-0000-0000-000000000011}.Debug|Any CPU.Build.0 = Debug|Any CPU
		{B1000011-0000-0000-0000-000000000011}.Release|Any CPU.ActiveCfg = Release|Any CPU
		{B1000011-0000-0000-0000-000000000011}.Release|Any CPU.Build.0 = Release|Any CPU
		{B1000012-0000-0000-0000-000000000012}.Debug|Any CPU.ActiveCfg = Debug|Any CPU
		{B1000012-0000-0000-0000-000000000012}.Debug|Any CPU.Build.0 = Debug|Any CPU
		{B1000012-0000-0000-0000-000000000012}.Release|Any CPU.ActiveCfg = Release|Any CPU
		{B1000012-0000-0000-0000-000000000012}.Release|Any CPU.Build.0 = Release|Any CPU
		{B1000013-0000-0000-0000-000000000013}.Debug|Any CPU.ActiveCfg = Debug|Any CPU
		{B1000013-0000-0000-0000-000000000013}.Debug|Any CPU.Build.0 = Debug|Any CPU
		{B1000013-0000-0000-0000-000000000013}.Release|Any CPU.ActiveCfg = Release|Any CPU
		{B1000013-0000-0000-0000-000000000013}.Release|Any CPU.Build.0 = Release|Any CPU
	EndGlobalSection
	GlobalSection(SolutionProperties) = preSolution
		HideSolutionNode = FALSE
	EndGlobalSection
EndGlobal
